
Microsoft Visual Studio Solution File, Format Version 12.00
# Visual Studio Version 17
VisualStudioVersion = 17.5.2.0
MinimumVisualStudioVersion = 10.0.40219.1
Project("{2150E333-8FDC-42A3-9474-1A3956D46DE8}") = "src", "src", "{827E0CD3-B72D-47B6-A68D-7590B98EB39B}"
EndProject
Project("{FAE04EC0-301F-11D3-BF4B-00C04F79EFBC}") = "Viscacha.Model", "src\Viscacha.Model\Viscacha.Model.csproj", "{39F77206-8B4D-4FD8-BC6B-FC7D38B79418}"
EndProject
Project("{FAE04EC0-301F-11D3-BF4B-00C04F79EFBC}") = "Viscacha", "src\Viscacha\Viscacha.csproj", "{33D3D52A-782A-45B2-A3E7-6023E53FADD1}"
EndProject
Project("{FAE04EC0-301F-11D3-BF4B-00C04F79EFBC}") = "Viscacha.CLI", "src\Viscacha.CLI\Viscacha.CLI.csproj", "{F6C22DE4-AA9C-420C-A057-1CD5E6B18533}"
EndProject
Project("{2150E333-8FDC-42A3-9474-1A3956D46DE8}") = "test", "test", "{0C88DD14-F956-CE84-757C-A364CCF449FC}"
EndProject
Project("{FAE04EC0-301F-11D3-BF4B-00C04F79EFBC}") = "Viscacha.Tests", "test\Viscacha.Tests\Viscacha.Tests.csproj", "{E8EBB7FE-CD97-4A1B-946F-FAEC75EED8E6}"
EndProject
Global
	GlobalSection(SolutionConfigurationPlatforms) = preSolution
		Debug|Any CPU = Debug|Any CPU
		Debug|x64 = Debug|x64
		Debug|x86 = Debug|x86
		Release|Any CPU = Release|Any CPU
		Release|x64 = Release|x64
		Release|x86 = Release|x86
	EndGlobalSection
	GlobalSection(ProjectConfigurationPlatforms) = postSolution
		{39F77206-8B4D-4FD8-BC6B-FC7D38B79418}.Debug|Any CPU.ActiveCfg = Debug|Any CPU
		{39F77206-8B4D-4FD8-BC6B-FC7D38B79418}.Debug|Any CPU.Build.0 = Debug|Any CPU
		{39F77206-8B4D-4FD8-BC6B-FC7D38B79418}.Debug|x64.ActiveCfg = Debug|Any CPU
		{39F77206-8B4D-4FD8-BC6B-FC7D38B79418}.Debug|x64.Build.0 = Debug|Any CPU
		{39F77206-8B4D-4FD8-BC6B-FC7D38B79418}.Debug|x86.ActiveCfg = Debug|Any CPU
		{39F77206-8B4D-4FD8-BC6B-FC7D38B79418}.Debug|x86.Build.0 = Debug|Any CPU
		{39F77206-8B4D-4FD8-BC6B-FC7D38B79418}.Release|Any CPU.ActiveCfg = Release|Any CPU
		{39F77206-8B4D-4FD8-BC6B-FC7D38B79418}.Release|Any CPU.Build.0 = Release|Any CPU
		{39F77206-8B4D-4FD8-BC6B-FC7D38B79418}.Release|x64.ActiveCfg = Release|Any CPU
		{39F77206-8B4D-4FD8-BC6B-FC7D38B79418}.Release|x64.Build.0 = Release|Any CPU
		{39F77206-8B4D-4FD8-BC6B-FC7D38B79418}.Release|x86.ActiveCfg = Release|Any CPU
		{39F77206-8B4D-4FD8-BC6B-FC7D38B79418}.Release|x86.Build.0 = Release|Any CPU
		{33D3D52A-782A-45B2-A3E7-6023E53FADD1}.Debug|Any CPU.ActiveCfg = Debug|Any CPU
		{33D3D52A-782A-45B2-A3E7-6023E53FADD1}.Debug|Any CPU.Build.0 = Debug|Any CPU
		{33D3D52A-782A-45B2-A3E7-6023E53FADD1}.Debug|x64.ActiveCfg = Debug|Any CPU
		{33D3D52A-782A-45B2-A3E7-6023E53FADD1}.Debug|x64.Build.0 = Debug|Any CPU
		{33D3D52A-782A-45B2-A3E7-6023E53FADD1}.Debug|x86.ActiveCfg = Debug|Any CPU
		{33D3D52A-782A-45B2-A3E7-6023E53FADD1}.Debug|x86.Build.0 = Debug|Any CPU
		{33D3D52A-782A-45B2-A3E7-6023E53FADD1}.Release|Any CPU.ActiveCfg = Release|Any CPU
		{33D3D52A-782A-45B2-A3E7-6023E53FADD1}.Release|Any CPU.Build.0 = Release|Any CPU
		{33D3D52A-782A-45B2-A3E7-6023E53FADD1}.Release|x64.ActiveCfg = Release|Any CPU
		{33D3D52A-782A-45B2-A3E7-6023E53FADD1}.Release|x64.Build.0 = Release|Any CPU
		{33D3D52A-782A-45B2-A3E7-6023E53FADD1}.Release|x86.ActiveCfg = Release|Any CPU
		{33D3D52A-782A-45B2-A3E7-6023E53FADD1}.Release|x86.Build.0 = Release|Any CPU
		{F6C22DE4-AA9C-420C-A057-1CD5E6B18533}.Debug|Any CPU.ActiveCfg = Debug|Any CPU
		{F6C22DE4-AA9C-420C-A057-1CD5E6B18533}.Debug|Any CPU.Build.0 = Debug|Any CPU
		{F6C22DE4-AA9C-420C-A057-1CD5E6B18533}.Debug|x64.ActiveCfg = Debug|Any CPU
		{F6C22DE4-AA9C-420C-A057-1CD5E6B18533}.Debug|x64.Build.0 = Debug|Any CPU
		{F6C22DE4-AA9C-420C-A057-1CD5E6B18533}.Debug|x86.ActiveCfg = Debug|Any CPU
		{F6C22DE4-AA9C-420C-A057-1CD5E6B18533}.Debug|x86.Build.0 = Debug|Any CPU
		{F6C22DE4-AA9C-420C-A057-1CD5E6B18533}.Release|Any CPU.ActiveCfg = Release|Any CPU
		{F6C22DE4-AA9C-420C-A057-1CD5E6B18533}.Release|Any CPU.Build.0 = Release|Any CPU
		{F6C22DE4-AA9C-420C-A057-1CD5E6B18533}.Release|x64.ActiveCfg = Release|Any CPU
		{F6C22DE4-AA9C-420C-A057-1CD5E6B18533}.Release|x64.Build.0 = Release|Any CPU
		{F6C22DE4-AA9C-420C-A057-1CD5E6B18533}.Release|x86.ActiveCfg = Release|Any CPU
		{F6C22DE4-AA9C-420C-A057-1CD5E6B18533}.Release|x86.Build.0 = Release|Any CPU
		{E8EBB7FE-CD97-4A1B-946F-FAEC75EED8E6}.Debug|Any CPU.ActiveCfg = Debug|Any CPU
		{E8EBB7FE-CD97-4A1B-946F-FAEC75EED8E6}.Debug|Any CPU.Build.0 = Debug|Any CPU
		{E8EBB7FE-CD97-4A1B-946F-FAEC75EED8E6}.Debug|x64.ActiveCfg = Debug|Any CPU
		{E8EBB7FE-CD97-4A1B-946F-FAEC75EED8E6}.Debug|x64.Build.0 = Debug|Any CPU
		{E8EBB7FE-CD97-4A1B-946F-FAEC75EED8E6}.Debug|x86.ActiveCfg = Debug|Any CPU
		{E8EBB7FE-CD97-4A1B-946F-FAEC75EED8E6}.Debug|x86.Build.0 = Debug|Any CPU
		{E8EBB7FE-CD97-4A1B-946F-FAEC75EED8E6}.Release|Any CPU.ActiveCfg = Release|Any CPU
		{E8EBB7FE-CD97-4A1B-946F-FAEC75EED8E6}.Release|Any CPU.Build.0 = Release|Any CPU
		{E8EBB7FE-CD97-4A1B-946F-FAEC75EED8E6}.Release|x64.ActiveCfg = Release|Any CPU
		{E8EBB7FE-CD97-4A1B-946F-FAEC75EED8E6}.Release|x64.Build.0 = Release|Any CPU
		{E8EBB7FE-CD97-4A1B-946F-FAEC75EED8E6}.Release|x86.ActiveCfg = Release|Any CPU
		{E8EBB7FE-CD97-4A1B-946F-FAEC75EED8E6}.Release|x86.Build.0 = Release|Any CPU
	EndGlobalSection
	GlobalSection(SolutionProperties) = preSolution
		HideSolutionNode = FALSE
	EndGlobalSection
	GlobalSection(NestedProjects) = preSolution
		{39F77206-8B4D-4FD8-BC6B-FC7D38B79418} = {827E0CD3-B72D-47B6-A68D-7590B98EB39B}
		{33D3D52A-782A-45B2-A3E7-6023E53FADD1} = {827E0CD3-B72D-47B6-A68D-7590B98EB39B}
		{F6C22DE4-AA9C-420C-A057-1CD5E6B18533} = {827E0CD3-B72D-47B6-A68D-7590B98EB39B}
		{E8EBB7FE-CD97-4A1B-946F-FAEC75EED8E6} = {0C88DD14-F956-CE84-757C-A364CCF449FC}
	EndGlobalSection
	GlobalSection(ExtensibilityGlobals) = postSolution
		SolutionGuid = {9622927F-F08D-4AC9-8BC8-951B0C41F033}
	EndGlobalSection
EndGlobal
