
Microsoft Visual Studio Solution File, Format Version 12.00
# Visual Studio Version 17
VisualStudioVersion = 17.5.2.0
MinimumVisualStudioVersion = 10.0.40219.1
Project("{2150E333-8FDC-42A3-9474-1A3956D46DE8}") = "src", "src", "{827E0CD3-B72D-47B6-A68D-7590B98EB39B}"
EndProject
Project("{FAE04EC0-301F-11D3-BF4B-00C04F79EFBC}") = "Viscacha", "src\Viscacha\Viscacha.csproj", "{33D3D52A-782A-45B2-A3E7-6023E53FADD1}"
EndProject
Project("{FAE04EC0-301F-11D3-BF4B-00C04F79EFBC}") = "Viscacha.CLI", "src\Viscacha.CLI\Viscacha.CLI.csproj", "{F6C22DE4-AA9C-420C-A057-1CD5E6B18533}"
EndProject
Project("{2150E333-8FDC-42A3-9474-1A3956D46DE8}") = "test", "test", "{0C88DD14-F956-CE84-757C-A364CCF449FC}"
EndProject
Project("{FAE04EC0-301F-11D3-BF4B-00C04F79EFBC}") = "Viscacha.Tests", "test\Viscacha.Tests\Viscacha.Tests.csproj", "{E8EBB7FE-CD97-4A1B-946F-FAEC75EED8E6}"
EndProject
Project("{FAE04EC0-301F-11D3-BF4B-00C04F79EFBC}") = "Viscacha.CLI.Request", "src\Viscacha.CLI.Request\Viscacha.CLI.Request.csproj", "{3D704D2F-D753-4F50-9D66-B45BC9C09A78}"
EndProject
Project("{FAE04EC0-301F-11D3-BF4B-00C04F79EFBC}") = "Viscacha.CLI.Test", "src\Viscacha.CLI.Test\Viscacha.CLI.Test.csproj", "{6E5B35EF-1805-4CDC-9D8F-517CF1A23D14}"
EndProject
Project("{FAE04EC0-301F-11D3-BF4B-00C04F79EFBC}") = "Viscacha.CLI.Common", "src\Viscacha.CLI.Common\Viscacha.CLI.Common.csproj", "{16DF87AC-FFAF-46C6-8010-C9D1AF999F5E}"
EndProject
Project("{2150E333-8FDC-42A3-9474-1A3956D46DE8}") = "Viscacha.CLI.Test.Tests", "Viscacha.CLI.Test.Tests", "{44CD784F-6E5D-53BC-8E1E-5948B12964DF}"
EndProject
Project("{FAE04EC0-301F-11D3-BF4B-00C04F79EFBC}") = "Viscacha.TestRunner.Tests", "test\Viscacha.CLI.Test.Tests\Viscacha.TestRunner.Tests.csproj", "{11090E96-C50C-474F-8E6E-B2C48D6E1018}"
EndProject
Global
	GlobalSection(SolutionConfigurationPlatforms) = preSolution
		Debug|Any CPU = Debug|Any CPU
		Debug|x64 = Debug|x64
		Debug|x86 = Debug|x86
		Release|Any CPU = Release|Any CPU
		Release|x64 = Release|x64
		Release|x86 = Release|x86
	EndGlobalSection
	GlobalSection(ProjectConfigurationPlatforms) = postSolution
		{33D3D52A-782A-45B2-A3E7-6023E53FADD1}.Debug|Any CPU.ActiveCfg = Debug|Any CPU
		{33D3D52A-782A-45B2-A3E7-6023E53FADD1}.Debug|Any CPU.Build.0 = Debug|Any CPU
		{33D3D52A-782A-45B2-A3E7-6023E53FADD1}.Debug|x64.ActiveCfg = Debug|Any CPU
		{33D3D52A-782A-45B2-A3E7-6023E53FADD1}.Debug|x64.Build.0 = Debug|Any CPU
		{33D3D52A-782A-45B2-A3E7-6023E53FADD1}.Debug|x86.ActiveCfg = Debug|Any CPU
		{33D3D52A-782A-45B2-A3E7-6023E53FADD1}.Debug|x86.Build.0 = Debug|Any CPU
		{33D3D52A-782A-45B2-A3E7-6023E53FADD1}.Release|Any CPU.ActiveCfg = Release|Any CPU
		{33D3D52A-782A-45B2-A3E7-6023E53FADD1}.Release|Any CPU.Build.0 = Release|Any CPU
		{33D3D52A-782A-45B2-A3E7-6023E53FADD1}.Release|x64.ActiveCfg = Release|Any CPU
		{33D3D52A-782A-45B2-A3E7-6023E53FADD1}.Release|x64.Build.0 = Release|Any CPU
		{33D3D52A-782A-45B2-A3E7-6023E53FADD1}.Release|x86.ActiveCfg = Release|Any CPU
		{33D3D52A-782A-45B2-A3E7-6023E53FADD1}.Release|x86.Build.0 = Release|Any CPU
		{F6C22DE4-AA9C-420C-A057-1CD5E6B18533}.Debug|Any CPU.ActiveCfg = Debug|Any CPU
		{F6C22DE4-AA9C-420C-A057-1CD5E6B18533}.Debug|Any CPU.Build.0 = Debug|Any CPU
		{F6C22DE4-AA9C-420C-A057-1CD5E6B18533}.Debug|x64.ActiveCfg = Debug|Any CPU
		{F6C22DE4-AA9C-420C-A057-1CD5E6B18533}.Debug|x64.Build.0 = Debug|Any CPU
		{F6C22DE4-AA9C-420C-A057-1CD5E6B18533}.Debug|x86.ActiveCfg = Debug|Any CPU
		{F6C22DE4-AA9C-420C-A057-1CD5E6B18533}.Debug|x86.Build.0 = Debug|Any CPU
		{F6C22DE4-AA9C-420C-A057-1CD5E6B18533}.Release|Any CPU.ActiveCfg = Release|Any CPU
		{F6C22DE4-AA9C-420C-A057-1CD5E6B18533}.Release|Any CPU.Build.0 = Release|Any CPU
		{F6C22DE4-AA9C-420C-A057-1CD5E6B18533}.Release|x64.ActiveCfg = Release|Any CPU
		{F6C22DE4-AA9C-420C-A057-1CD5E6B18533}.Release|x64.Build.0 = Release|Any CPU
		{F6C22DE4-AA9C-420C-A057-1CD5E6B18533}.Release|x86.ActiveCfg = Release|Any CPU
		{F6C22DE4-AA9C-420C-A057-1CD5E6B18533}.Release|x86.Build.0 = Release|Any CPU
		{E8EBB7FE-CD97-4A1B-946F-FAEC75EED8E6}.Debug|Any CPU.ActiveCfg = Debug|Any CPU
		{E8EBB7FE-CD97-4A1B-946F-FAEC75EED8E6}.Debug|Any CPU.Build.0 = Debug|Any CPU
		{E8EBB7FE-CD97-4A1B-946F-FAEC75EED8E6}.Debug|x64.ActiveCfg = Debug|Any CPU
		{E8EBB7FE-CD97-4A1B-946F-FAEC75EED8E6}.Debug|x64.Build.0 = Debug|Any CPU
		{E8EBB7FE-CD97-4A1B-946F-FAEC75EED8E6}.Debug|x86.ActiveCfg = Debug|Any CPU
		{E8EBB7FE-CD97-4A1B-946F-FAEC75EED8E6}.Debug|x86.Build.0 = Debug|Any CPU
		{E8EBB7FE-CD97-4A1B-946F-FAEC75EED8E6}.Release|Any CPU.ActiveCfg = Release|Any CPU
		{E8EBB7FE-CD97-4A1B-946F-FAEC75EED8E6}.Release|Any CPU.Build.0 = Release|Any CPU
		{E8EBB7FE-CD97-4A1B-946F-FAEC75EED8E6}.Release|x64.ActiveCfg = Release|Any CPU
		{E8EBB7FE-CD97-4A1B-946F-FAEC75EED8E6}.Release|x64.Build.0 = Release|Any CPU
		{E8EBB7FE-CD97-4A1B-946F-FAEC75EED8E6}.Release|x86.ActiveCfg = Release|Any CPU
		{E8EBB7FE-CD97-4A1B-946F-FAEC75EED8E6}.Release|x86.Build.0 = Release|Any CPU
		{3D704D2F-D753-4F50-9D66-B45BC9C09A78}.Debug|Any CPU.ActiveCfg = Debug|Any CPU
		{3D704D2F-D753-4F50-9D66-B45BC9C09A78}.Debug|Any CPU.Build.0 = Debug|Any CPU
		{3D704D2F-D753-4F50-9D66-B45BC9C09A78}.Debug|x64.ActiveCfg = Debug|Any CPU
		{3D704D2F-D753-4F50-9D66-B45BC9C09A78}.Debug|x64.Build.0 = Debug|Any CPU
		{3D704D2F-D753-4F50-9D66-B45BC9C09A78}.Debug|x86.ActiveCfg = Debug|Any CPU
		{3D704D2F-D753-4F50-9D66-B45BC9C09A78}.Debug|x86.Build.0 = Debug|Any CPU
		{3D704D2F-D753-4F50-9D66-B45BC9C09A78}.Release|Any CPU.ActiveCfg = Release|Any CPU
		{3D704D2F-D753-4F50-9D66-B45BC9C09A78}.Release|Any CPU.Build.0 = Release|Any CPU
		{3D704D2F-D753-4F50-9D66-B45BC9C09A78}.Release|x64.ActiveCfg = Release|Any CPU
		{3D704D2F-D753-4F50-9D66-B45BC9C09A78}.Release|x64.Build.0 = Release|Any CPU
		{3D704D2F-D753-4F50-9D66-B45BC9C09A78}.Release|x86.ActiveCfg = Release|Any CPU
		{3D704D2F-D753-4F50-9D66-B45BC9C09A78}.Release|x86.Build.0 = Release|Any CPU
		{6E5B35EF-1805-4CDC-9D8F-517CF1A23D14}.Debug|Any CPU.ActiveCfg = Debug|Any CPU
		{6E5B35EF-1805-4CDC-9D8F-517CF1A23D14}.Debug|Any CPU.Build.0 = Debug|Any CPU
		{6E5B35EF-1805-4CDC-9D8F-517CF1A23D14}.Debug|x64.ActiveCfg = Debug|Any CPU
		{6E5B35EF-1805-4CDC-9D8F-517CF1A23D14}.Debug|x64.Build.0 = Debug|Any CPU
		{6E5B35EF-1805-4CDC-9D8F-517CF1A23D14}.Debug|x86.ActiveCfg = Debug|Any CPU
		{6E5B35EF-1805-4CDC-9D8F-517CF1A23D14}.Debug|x86.Build.0 = Debug|Any CPU
		{6E5B35EF-1805-4CDC-9D8F-517CF1A23D14}.Release|Any CPU.ActiveCfg = Release|Any CPU
		{6E5B35EF-1805-4CDC-9D8F-517CF1A23D14}.Release|Any CPU.Build.0 = Release|Any CPU
		{6E5B35EF-1805-4CDC-9D8F-517CF1A23D14}.Release|x64.ActiveCfg = Release|Any CPU
		{6E5B35EF-1805-4CDC-9D8F-517CF1A23D14}.Release|x64.Build.0 = Release|Any CPU
		{6E5B35EF-1805-4CDC-9D8F-517CF1A23D14}.Release|x86.ActiveCfg = Release|Any CPU
		{6E5B35EF-1805-4CDC-9D8F-517CF1A23D14}.Release|x86.Build.0 = Release|Any CPU
		{16DF87AC-FFAF-46C6-8010-C9D1AF999F5E}.Debug|Any CPU.ActiveCfg = Debug|Any CPU
		{16DF87AC-FFAF-46C6-8010-C9D1AF999F5E}.Debug|Any CPU.Build.0 = Debug|Any CPU
		{16DF87AC-FFAF-46C6-8010-C9D1AF999F5E}.Debug|x64.ActiveCfg = Debug|Any CPU
		{16DF87AC-FFAF-46C6-8010-C9D1AF999F5E}.Debug|x64.Build.0 = Debug|Any CPU
		{16DF87AC-FFAF-46C6-8010-C9D1AF999F5E}.Debug|x86.ActiveCfg = Debug|Any CPU
		{16DF87AC-FFAF-46C6-8010-C9D1AF999F5E}.Debug|x86.Build.0 = Debug|Any CPU
		{16DF87AC-FFAF-46C6-8010-C9D1AF999F5E}.Release|Any CPU.ActiveCfg = Release|Any CPU
		{16DF87AC-FFAF-46C6-8010-C9D1AF999F5E}.Release|Any CPU.Build.0 = Release|Any CPU
		{16DF87AC-FFAF-46C6-8010-C9D1AF999F5E}.Release|x64.ActiveCfg = Release|Any CPU
		{16DF87AC-FFAF-46C6-8010-C9D1AF999F5E}.Release|x64.Build.0 = Release|Any CPU
		{16DF87AC-FFAF-46C6-8010-C9D1AF999F5E}.Release|x86.ActiveCfg = Release|Any CPU
		{16DF87AC-FFAF-46C6-8010-C9D1AF999F5E}.Release|x86.Build.0 = Release|Any CPU
		{11090E96-C50C-474F-8E6E-B2C48D6E1018}.Debug|Any CPU.ActiveCfg = Debug|Any CPU
		{11090E96-C50C-474F-8E6E-B2C48D6E1018}.Debug|Any CPU.Build.0 = Debug|Any CPU
		{11090E96-C50C-474F-8E6E-B2C48D6E1018}.Debug|x64.ActiveCfg = Debug|Any CPU
		{11090E96-C50C-474F-8E6E-B2C48D6E1018}.Debug|x64.Build.0 = Debug|Any CPU
		{11090E96-C50C-474F-8E6E-B2C48D6E1018}.Debug|x86.ActiveCfg = Debug|Any CPU
		{11090E96-C50C-474F-8E6E-B2C48D6E1018}.Debug|x86.Build.0 = Debug|Any CPU
		{11090E96-C50C-474F-8E6E-B2C48D6E1018}.Release|Any CPU.ActiveCfg = Release|Any CPU
		{11090E96-C50C-474F-8E6E-B2C48D6E1018}.Release|Any CPU.Build.0 = Release|Any CPU
		{11090E96-C50C-474F-8E6E-B2C48D6E1018}.Release|x64.ActiveCfg = Release|Any CPU
		{11090E96-C50C-474F-8E6E-B2C48D6E1018}.Release|x64.Build.0 = Release|Any CPU
		{11090E96-C50C-474F-8E6E-B2C48D6E1018}.Release|x86.ActiveCfg = Release|Any CPU
		{11090E96-C50C-474F-8E6E-B2C48D6E1018}.Release|x86.Build.0 = Release|Any CPU
	EndGlobalSection
	GlobalSection(SolutionProperties) = preSolution
		HideSolutionNode = FALSE
	EndGlobalSection
	GlobalSection(NestedProjects) = preSolution
		{33D3D52A-782A-45B2-A3E7-6023E53FADD1} = {827E0CD3-B72D-47B6-A68D-7590B98EB39B}
		{F6C22DE4-AA9C-420C-A057-1CD5E6B18533} = {827E0CD3-B72D-47B6-A68D-7590B98EB39B}
		{E8EBB7FE-CD97-4A1B-946F-FAEC75EED8E6} = {0C88DD14-F956-CE84-757C-A364CCF449FC}
		{3D704D2F-D753-4F50-9D66-B45BC9C09A78} = {827E0CD3-B72D-47B6-A68D-7590B98EB39B}
		{6E5B35EF-1805-4CDC-9D8F-517CF1A23D14} = {827E0CD3-B72D-47B6-A68D-7590B98EB39B}
		{16DF87AC-FFAF-46C6-8010-C9D1AF999F5E} = {827E0CD3-B72D-47B6-A68D-7590B98EB39B}
		{44CD784F-6E5D-53BC-8E1E-5948B12964DF} = {0C88DD14-F956-CE84-757C-A364CCF449FC}
		{11090E96-C50C-474F-8E6E-B2C48D6E1018} = {44CD784F-6E5D-53BC-8E1E-5948B12964DF}
	EndGlobalSection
	GlobalSection(ExtensibilityGlobals) = postSolution
		SolutionGuid = {9622927F-F08D-4AC9-8BC8-951B0C41F033}
	EndGlobalSection
EndGlobal
